
Microsoft Visual Studio Solution File, Format Version 12.00
# Visual Studio Version 17
VisualStudioVersion = 17.10.35122.118
MinimumVisualStudioVersion = 10.0.40219.1
Project("{FAE04EC0-301F-11D3-BF4B-00C04F79EFBC}") = "uTransferServer", "uTransferServer\uTransferServer.csproj", "{14A1A020-1E69-4007-B81B-3D72E80BA100}"
EndProject
Global
	GlobalSection(SolutionConfigurationPlatforms) = preSolution
		Debug|Any CPU = Debug|Any CPU
		Release|Any CPU = Release|Any CPU
	EndGlobalSection
	GlobalSection(ProjectConfigurationPlatforms) = postSolution
		{14A1A020-1E69-4007-B81B-3D72E80BA100}.Debug|Any CPU.ActiveCfg = Debug|Any CPU
		{14A1A020-1E69-4007-B81B-3D72E80BA100}.Debug|Any CPU.Build.0 = Debug|Any CPU
		{14A1A020-1E69-4007-B81B-3D72E80BA100}.Release|Any CPU.ActiveCfg = Release|Any CPU
		{14A1A020-1E69-4007-B81B-3D72E80BA100}.Release|Any CPU.Build.0 = Release|Any CPU
	EndGlobalSection
	GlobalSection(SolutionProperties) = preSolution
		HideSolutionNode = FALSE
	EndGlobalSection
	GlobalSection(ExtensibilityGlobals) = postSolution
		SolutionGuid = {63F89951-6634-4D67-B682-BCB7E790BB89}
	EndGlobalSection
EndGlobal
